
Microsoft Visual Studio Solution File, Format Version 12.00
# Visual Studio Version 17
VisualStudioVersion = 17.5.33516.290
MinimumVisualStudioVersion = 10.0.40219.1
Project("{FAE04EC0-301F-11D3-BF4B-00C04F79EFBC}") = "work_01", "work_01\work_01.csproj", "{FE80B1B0-5365-47BC-B67D-260E7472A926}"
EndProject
Global
	GlobalSection(SolutionConfigurationPlatforms) = preSolution
		Debug|Any CPU = Debug|Any CPU
		Release|Any CPU = Release|Any CPU
	EndGlobalSection
	GlobalSection(ProjectConfigurationPlatforms) = postSolution
		{FE80B1B0-5365-47BC-B67D-260E7472A926}.Debug|Any CPU.ActiveCfg = Debug|Any CPU
		{FE80B1B0-5365-47BC-B67D-260E7472A926}.Debug|Any CPU.Build.0 = Debug|Any CPU
		{FE80B1B0-5365-47BC-B67D-260E7472A926}.Release|Any CPU.ActiveCfg = Release|Any CPU
		{FE80B1B0-5365-47BC-B67D-260E7472A926}.Release|Any CPU.Build.0 = Release|Any CPU
	EndGlobalSection
	GlobalSection(SolutionProperties) = preSolution
		HideSolutionNode = FALSE
	EndGlobalSection
	GlobalSection(ExtensibilityGlobals) = postSolution
		SolutionGuid = {9E13F7AC-4175-4973-A378-BA137E5CDFDF}
	EndGlobalSection
EndGlobal
